
Microsoft Visual Studio Solution File, Format Version 11.00
# Visual Studio 2010
Project("{2150E333-8FDC-42A3-9474-1A3956D46DE8}") = "BLL", "BLL", "{285D59AC-547D-4B99-A625-3274B6C0FA28}"
EndProject
Project("{2150E333-8FDC-42A3-9474-1A3956D46DE8}") = "UI", "UI", "{568FD497-9E50-432D-9664-59F7A968B48B}"
EndProject
Project("{2150E333-8FDC-42A3-9474-1A3956D46DE8}") = "Model", "Model", "{AC294D43-4EAA-491C-8CDE-3920D05018AF}"
EndProject
Project("{2150E333-8FDC-42A3-9474-1A3956D46DE8}") = "Sys", "Sys", "{2C78713A-A8F7-429E-8F72-1401016658EE}"
EndProject
Project("{2150E333-8FDC-42A3-9474-1A3956D46DE8}") = "IDAL", "IDAL", "{78E41702-5E34-4668-8E87-867263DF3E21}"
EndProject
Project("{2150E333-8FDC-42A3-9474-1A3956D46DE8}") = "Service", "Service", "{8E368CE2-253A-49D2-8F4B-9C0C2FEB7218}"
EndProject
Project("{2150E333-8FDC-42A3-9474-1A3956D46DE8}") = "DBUtility", "DBUtility", "{4D9B99BF-4098-416E-8490-6727C9D7357C}"
EndProject
Project("{2150E333-8FDC-42A3-9474-1A3956D46DE8}") = "DALFactory", "DALFactory", "{EA5C2AE2-DF85-4493-B2A1-5DD4AA075440}"
EndProject
Project("{2150E333-8FDC-42A3-9474-1A3956D46DE8}") = "DAL", "DAL", "{810D655A-3138-4C1B-AA16-CCE3401A34E3}"
EndProject
Project("{2150E333-8FDC-42A3-9474-1A3956D46DE8}") = "Cache", "Cache", "{923E1A17-54D2-4709-B555-3B673EEFEF16}"
EndProject
Project("{2150E333-8FDC-42A3-9474-1A3956D46DE8}") = "Provider", "Provider", "{996ED33E-EE86-4BAA-BC35-C1173E131ED2}"
EndProject
Project("{2150E333-8FDC-42A3-9474-1A3956D46DE8}") = "MSMQ", "MSMQ", "{18109E93-7FF5-48E3-A435-6E7CF11DDE33}"
EndProject
Project("{FAE04EC0-301F-11D3-BF4B-00C04F79EFBC}") = "BLL", "BLL\BLL.csproj", "{5AEFA6BC-C206-486A-B9BA-F384855CE2F7}"
EndProject
Project("{FAE04EC0-301F-11D3-BF4B-00C04F79EFBC}") = "CacheDependencyFactory", "CacheDependencyFactory\CacheDependencyFactory.csproj", "{A41600F6-98E0-4A39-AC59-BE47ACA42BEB}"
EndProject
Project("{FAE04EC0-301F-11D3-BF4B-00C04F79EFBC}") = "ICacheDependency", "ICacheDependency\ICacheDependency.csproj", "{46FE4BAA-C26B-4471-ABE4-43232F78C4C4}"
EndProject
Project("{FAE04EC0-301F-11D3-BF4B-00C04F79EFBC}") = "TableCacheDependency", "TableCacheDependency\TableCacheDependency.csproj", "{CB93D68C-9154-4550-8A64-A4D841EAC04F}"
EndProject
Project("{FAE04EC0-301F-11D3-BF4B-00C04F79EFBC}") = "SqlServerDAL", "SqlServerDAL\SqlServerDAL.csproj", "{BEB620C8-0F06-4853-A137-B36C66EC67E7}"
EndProject
Project("{FAE04EC0-301F-11D3-BF4B-00C04F79EFBC}") = "DALFactory", "DALFactory\DALFactory.csproj", "{B72F0F0D-48A7-4750-BF6B-D6996A04B2E1}"
EndProject
Project("{FAE04EC0-301F-11D3-BF4B-00C04F79EFBC}") = "DBUtility", "DBUtility\DBUtility.csproj", "{8B1064EA-EB21-4421-A791-AAEA2B47470D}"
EndProject
Project("{FAE04EC0-301F-11D3-BF4B-00C04F79EFBC}") = "IDAL", "IDAL\IDAL.csproj", "{437A3E96-72E1-47C5-BBB1-9E5FC3BE7BC6}"
EndProject
Project("{FAE04EC0-301F-11D3-BF4B-00C04F79EFBC}") = "Model", "Model\Model.csproj", "{387894B5-094E-47E0-833F-0F15248E14A5}"
EndProject
Project("{FAE04EC0-301F-11D3-BF4B-00C04F79EFBC}") = "CustomProvider", "CustomProvider\CustomProvider.csproj", "{94F7EE71-D4D0-494B-92CB-296FA594940D}"
EndProject
Project("{FAE04EC0-301F-11D3-BF4B-00C04F79EFBC}") = "WcfService", "WcfService\WcfService.csproj", "{3D3CF691-CF8E-4AFF-84BD-B8C18CD887F9}"
EndProject
Project("{FAE04EC0-301F-11D3-BF4B-00C04F79EFBC}") = "SysHelper", "SysHelper\SysHelper.csproj", "{FD597C41-E62C-4C5F-AA64-E29174F7565B}"
EndProject
Project("{FAE04EC0-301F-11D3-BF4B-00C04F79EFBC}") = "Web", "Web\Web.csproj", "{B5F6320D-2DAB-4D8E-B124-92D77D9BF4BA}"
EndProject
Project("{2150E333-8FDC-42A3-9474-1A3956D46DE8}") = "WebHelper", "WebHelper", "{119514A1-FB13-447B-8466-910143B6282D}"
EndProject
Project("{FAE04EC0-301F-11D3-BF4B-00C04F79EFBC}") = "WcfCA", "WcfCA\WcfCA.csproj", "{F5BD6141-325C-40D3-A61D-6E7C162477B0}"
EndProject
Project("{FAE04EC0-301F-11D3-BF4B-00C04F79EFBC}") = "WebHelper", "WebHelper\WebHelper.csproj", "{88218C4F-FBE6-4F39-B13E-9AE66BB881EC}"
EndProject
Project("{FAE04EC0-301F-11D3-BF4B-00C04F79EFBC}") = "CustomExceptions", "CustomExceptions\CustomExceptions.csproj", "{D344EDF4-873E-4C22-92DA-C7992D58B83E}"
EndProject
Project("{FAE04EC0-301F-11D3-BF4B-00C04F79EFBC}") = "ProcessorCA", "ProcessorCA\ProcessorCA.csproj", "{2A5925E6-05CA-4FD9-A236-7217BBD4FB34}"
EndProject
Project("{FAE04EC0-301F-11D3-BF4B-00C04F79EFBC}") = "ProcessorWS", "ProcessorWS\ProcessorWS.csproj", "{A9127708-CB7E-47E8-9762-D7DE0C71BC51}"
EndProject
Project("{FAE04EC0-301F-11D3-BF4B-00C04F79EFBC}") = "ThreadProcessor", "ThreadProcessor\ThreadProcessor.csproj", "{8DAA4896-ECC0-418C-B201-53583893E619}"
EndProject
Project("{FAE04EC0-301F-11D3-BF4B-00C04F79EFBC}") = "WcfClient", "WcfClient\WcfClient.csproj", "{B0F9DE0D-D6FA-4F1B-AD82-ECAD3D683936}"
EndProject
Global
	GlobalSection(SolutionConfigurationPlatforms) = preSolution
		Debug|Any CPU = Debug|Any CPU
		Debug|Mixed Platforms = Debug|Mixed Platforms
		Debug|x86 = Debug|x86
		Release|Any CPU = Release|Any CPU
		Release|Mixed Platforms = Release|Mixed Platforms
		Release|x86 = Release|x86
	EndGlobalSection
	GlobalSection(ProjectConfigurationPlatforms) = postSolution
		{5AEFA6BC-C206-486A-B9BA-F384855CE2F7}.Debug|Any CPU.ActiveCfg = Debug|Any CPU
		{5AEFA6BC-C206-486A-B9BA-F384855CE2F7}.Debug|Any CPU.Build.0 = Debug|Any CPU
		{5AEFA6BC-C206-486A-B9BA-F384855CE2F7}.Debug|Mixed Platforms.ActiveCfg = Debug|Any CPU
		{5AEFA6BC-C206-486A-B9BA-F384855CE2F7}.Debug|Mixed Platforms.Build.0 = Debug|Any CPU
		{5AEFA6BC-C206-486A-B9BA-F384855CE2F7}.Debug|x86.ActiveCfg = Debug|Any CPU
		{5AEFA6BC-C206-486A-B9BA-F384855CE2F7}.Release|Any CPU.ActiveCfg = Release|Any CPU
		{5AEFA6BC-C206-486A-B9BA-F384855CE2F7}.Release|Any CPU.Build.0 = Release|Any CPU
		{5AEFA6BC-C206-486A-B9BA-F384855CE2F7}.Release|Mixed Platforms.ActiveCfg = Release|Any CPU
		{5AEFA6BC-C206-486A-B9BA-F384855CE2F7}.Release|Mixed Platforms.Build.0 = Release|Any CPU
		{5AEFA6BC-C206-486A-B9BA-F384855CE2F7}.Release|x86.ActiveCfg = Release|Any CPU
		{A41600F6-98E0-4A39-AC59-BE47ACA42BEB}.Debug|Any CPU.ActiveCfg = Debug|Any CPU
		{A41600F6-98E0-4A39-AC59-BE47ACA42BEB}.Debug|Any CPU.Build.0 = Debug|Any CPU
		{A41600F6-98E0-4A39-AC59-BE47ACA42BEB}.Debug|Mixed Platforms.ActiveCfg = Debug|Any CPU
		{A41600F6-98E0-4A39-AC59-BE47ACA42BEB}.Debug|Mixed Platforms.Build.0 = Debug|Any CPU
		{A41600F6-98E0-4A39-AC59-BE47ACA42BEB}.Debug|x86.ActiveCfg = Debug|Any CPU
		{A41600F6-98E0-4A39-AC59-BE47ACA42BEB}.Release|Any CPU.ActiveCfg = Release|Any CPU
		{A41600F6-98E0-4A39-AC59-BE47ACA42BEB}.Release|Any CPU.Build.0 = Release|Any CPU
		{A41600F6-98E0-4A39-AC59-BE47ACA42BEB}.Release|Mixed Platforms.ActiveCfg = Release|Any CPU
		{A41600F6-98E0-4A39-AC59-BE47ACA42BEB}.Release|Mixed Platforms.Build.0 = Release|Any CPU
		{A41600F6-98E0-4A39-AC59-BE47ACA42BEB}.Release|x86.ActiveCfg = Release|Any CPU
		{46FE4BAA-C26B-4471-ABE4-43232F78C4C4}.Debug|Any CPU.ActiveCfg = Debug|Any CPU
		{46FE4BAA-C26B-4471-ABE4-43232F78C4C4}.Debug|Any CPU.Build.0 = Debug|Any CPU
		{46FE4BAA-C26B-4471-ABE4-43232F78C4C4}.Debug|Mixed Platforms.ActiveCfg = Debug|Any CPU
		{46FE4BAA-C26B-4471-ABE4-43232F78C4C4}.Debug|Mixed Platforms.Build.0 = Debug|Any CPU
		{46FE4BAA-C26B-4471-ABE4-43232F78C4C4}.Debug|x86.ActiveCfg = Debug|Any CPU
		{46FE4BAA-C26B-4471-ABE4-43232F78C4C4}.Release|Any CPU.ActiveCfg = Release|Any CPU
		{46FE4BAA-C26B-4471-ABE4-43232F78C4C4}.Release|Any CPU.Build.0 = Release|Any CPU
		{46FE4BAA-C26B-4471-ABE4-43232F78C4C4}.Release|Mixed Platforms.ActiveCfg = Release|Any CPU
		{46FE4BAA-C26B-4471-ABE4-43232F78C4C4}.Release|Mixed Platforms.Build.0 = Release|Any CPU
		{46FE4BAA-C26B-4471-ABE4-43232F78C4C4}.Release|x86.ActiveCfg = Release|Any CPU
		{CB93D68C-9154-4550-8A64-A4D841EAC04F}.Debug|Any CPU.ActiveCfg = Debug|Any CPU
		{CB93D68C-9154-4550-8A64-A4D841EAC04F}.Debug|Any CPU.Build.0 = Debug|Any CPU
		{CB93D68C-9154-4550-8A64-A4D841EAC04F}.Debug|Mixed Platforms.ActiveCfg = Debug|Any CPU
		{CB93D68C-9154-4550-8A64-A4D841EAC04F}.Debug|Mixed Platforms.Build.0 = Debug|Any CPU
		{CB93D68C-9154-4550-8A64-A4D841EAC04F}.Debug|x86.ActiveCfg = Debug|Any CPU
		{CB93D68C-9154-4550-8A64-A4D841EAC04F}.Release|Any CPU.ActiveCfg = Release|Any CPU
		{CB93D68C-9154-4550-8A64-A4D841EAC04F}.Release|Any CPU.Build.0 = Release|Any CPU
		{CB93D68C-9154-4550-8A64-A4D841EAC04F}.Release|Mixed Platforms.ActiveCfg = Release|Any CPU
		{CB93D68C-9154-4550-8A64-A4D841EAC04F}.Release|Mixed Platforms.Build.0 = Release|Any CPU
		{CB93D68C-9154-4550-8A64-A4D841EAC04F}.Release|x86.ActiveCfg = Release|Any CPU
		{BEB620C8-0F06-4853-A137-B36C66EC67E7}.Debug|Any CPU.ActiveCfg = Debug|Any CPU
		{BEB620C8-0F06-4853-A137-B36C66EC67E7}.Debug|Any CPU.Build.0 = Debug|Any CPU
		{BEB620C8-0F06-4853-A137-B36C66EC67E7}.Debug|Mixed Platforms.ActiveCfg = Debug|Any CPU
		{BEB620C8-0F06-4853-A137-B36C66EC67E7}.Debug|Mixed Platforms.Build.0 = Debug|Any CPU
		{BEB620C8-0F06-4853-A137-B36C66EC67E7}.Debug|x86.ActiveCfg = Debug|Any CPU
		{BEB620C8-0F06-4853-A137-B36C66EC67E7}.Release|Any CPU.ActiveCfg = Release|Any CPU
		{BEB620C8-0F06-4853-A137-B36C66EC67E7}.Release|Any CPU.Build.0 = Release|Any CPU
		{BEB620C8-0F06-4853-A137-B36C66EC67E7}.Release|Mixed Platforms.ActiveCfg = Release|Any CPU
		{BEB620C8-0F06-4853-A137-B36C66EC67E7}.Release|Mixed Platforms.Build.0 = Release|Any CPU
		{BEB620C8-0F06-4853-A137-B36C66EC67E7}.Release|x86.ActiveCfg = Release|Any CPU
		{B72F0F0D-48A7-4750-BF6B-D6996A04B2E1}.Debug|Any CPU.ActiveCfg = Debug|Any CPU
		{B72F0F0D-48A7-4750-BF6B-D6996A04B2E1}.Debug|Any CPU.Build.0 = Debug|Any CPU
		{B72F0F0D-48A7-4750-BF6B-D6996A04B2E1}.Debug|Mixed Platforms.ActiveCfg = Debug|Any CPU
		{B72F0F0D-48A7-4750-BF6B-D6996A04B2E1}.Debug|Mixed Platforms.Build.0 = Debug|Any CPU
		{B72F0F0D-48A7-4750-BF6B-D6996A04B2E1}.Debug|x86.ActiveCfg = Debug|Any CPU
		{B72F0F0D-48A7-4750-BF6B-D6996A04B2E1}.Release|Any CPU.ActiveCfg = Release|Any CPU
		{B72F0F0D-48A7-4750-BF6B-D6996A04B2E1}.Release|Any CPU.Build.0 = Release|Any CPU
		{B72F0F0D-48A7-4750-BF6B-D6996A04B2E1}.Release|Mixed Platforms.ActiveCfg = Release|Any CPU
		{B72F0F0D-48A7-4750-BF6B-D6996A04B2E1}.Release|Mixed Platforms.Build.0 = Release|Any CPU
		{B72F0F0D-48A7-4750-BF6B-D6996A04B2E1}.Release|x86.ActiveCfg = Release|Any CPU
		{8B1064EA-EB21-4421-A791-AAEA2B47470D}.Debug|Any CPU.ActiveCfg = Debug|Any CPU
		{8B1064EA-EB21-4421-A791-AAEA2B47470D}.Debug|Any CPU.Build.0 = Debug|Any CPU
		{8B1064EA-EB21-4421-A791-AAEA2B47470D}.Debug|Mixed Platforms.ActiveCfg = Debug|Any CPU
		{8B1064EA-EB21-4421-A791-AAEA2B47470D}.Debug|Mixed Platforms.Build.0 = Debug|Any CPU
		{8B1064EA-EB21-4421-A791-AAEA2B47470D}.Debug|x86.ActiveCfg = Debug|Any CPU
		{8B1064EA-EB21-4421-A791-AAEA2B47470D}.Release|Any CPU.ActiveCfg = Release|Any CPU
		{8B1064EA-EB21-4421-A791-AAEA2B47470D}.Release|Any CPU.Build.0 = Release|Any CPU
		{8B1064EA-EB21-4421-A791-AAEA2B47470D}.Release|Mixed Platforms.ActiveCfg = Release|Any CPU
		{8B1064EA-EB21-4421-A791-AAEA2B47470D}.Release|Mixed Platforms.Build.0 = Release|Any CPU
		{8B1064EA-EB21-4421-A791-AAEA2B47470D}.Release|x86.ActiveCfg = Release|Any CPU
		{437A3E96-72E1-47C5-BBB1-9E5FC3BE7BC6}.Debug|Any CPU.ActiveCfg = Debug|Any CPU
		{437A3E96-72E1-47C5-BBB1-9E5FC3BE7BC6}.Debug|Any CPU.Build.0 = Debug|Any CPU
		{437A3E96-72E1-47C5-BBB1-9E5FC3BE7BC6}.Debug|Mixed Platforms.ActiveCfg = Debug|Any CPU
		{437A3E96-72E1-47C5-BBB1-9E5FC3BE7BC6}.Debug|Mixed Platforms.Build.0 = Debug|Any CPU
		{437A3E96-72E1-47C5-BBB1-9E5FC3BE7BC6}.Debug|x86.ActiveCfg = Debug|Any CPU
		{437A3E96-72E1-47C5-BBB1-9E5FC3BE7BC6}.Release|Any CPU.ActiveCfg = Release|Any CPU
		{437A3E96-72E1-47C5-BBB1-9E5FC3BE7BC6}.Release|Any CPU.Build.0 = Release|Any CPU
		{437A3E96-72E1-47C5-BBB1-9E5FC3BE7BC6}.Release|Mixed Platforms.ActiveCfg = Release|Any CPU
		{437A3E96-72E1-47C5-BBB1-9E5FC3BE7BC6}.Release|Mixed Platforms.Build.0 = Release|Any CPU
		{437A3E96-72E1-47C5-BBB1-9E5FC3BE7BC6}.Release|x86.ActiveCfg = Release|Any CPU
		{387894B5-094E-47E0-833F-0F15248E14A5}.Debug|Any CPU.ActiveCfg = Debug|Any CPU
		{387894B5-094E-47E0-833F-0F15248E14A5}.Debug|Any CPU.Build.0 = Debug|Any CPU
		{387894B5-094E-47E0-833F-0F15248E14A5}.Debug|Mixed Platforms.ActiveCfg = Debug|Any CPU
		{387894B5-094E-47E0-833F-0F15248E14A5}.Debug|Mixed Platforms.Build.0 = Debug|Any CPU
		{387894B5-094E-47E0-833F-0F15248E14A5}.Debug|x86.ActiveCfg = Debug|Any CPU
		{387894B5-094E-47E0-833F-0F15248E14A5}.Release|Any CPU.ActiveCfg = Release|Any CPU
		{387894B5-094E-47E0-833F-0F15248E14A5}.Release|Any CPU.Build.0 = Release|Any CPU
		{387894B5-094E-47E0-833F-0F15248E14A5}.Release|Mixed Platforms.ActiveCfg = Release|Any CPU
		{387894B5-094E-47E0-833F-0F15248E14A5}.Release|Mixed Platforms.Build.0 = Release|Any CPU
		{387894B5-094E-47E0-833F-0F15248E14A5}.Release|x86.ActiveCfg = Release|Any CPU
		{94F7EE71-D4D0-494B-92CB-296FA594940D}.Debug|Any CPU.ActiveCfg = Debug|Any CPU
		{94F7EE71-D4D0-494B-92CB-296FA594940D}.Debug|Any CPU.Build.0 = Debug|Any CPU
		{94F7EE71-D4D0-494B-92CB-296FA594940D}.Debug|Mixed Platforms.ActiveCfg = Debug|Any CPU
		{94F7EE71-D4D0-494B-92CB-296FA594940D}.Debug|Mixed Platforms.Build.0 = Debug|Any CPU
		{94F7EE71-D4D0-494B-92CB-296FA594940D}.Debug|x86.ActiveCfg = Debug|Any CPU
		{94F7EE71-D4D0-494B-92CB-296FA594940D}.Release|Any CPU.ActiveCfg = Release|Any CPU
		{94F7EE71-D4D0-494B-92CB-296FA594940D}.Release|Any CPU.Build.0 = Release|Any CPU
		{94F7EE71-D4D0-494B-92CB-296FA594940D}.Release|Mixed Platforms.ActiveCfg = Release|Any CPU
		{94F7EE71-D4D0-494B-92CB-296FA594940D}.Release|Mixed Platforms.Build.0 = Release|Any CPU
		{94F7EE71-D4D0-494B-92CB-296FA594940D}.Release|x86.ActiveCfg = Release|Any CPU
		{3D3CF691-CF8E-4AFF-84BD-B8C18CD887F9}.Debug|Any CPU.ActiveCfg = Debug|Any CPU
		{3D3CF691-CF8E-4AFF-84BD-B8C18CD887F9}.Debug|Any CPU.Build.0 = Debug|Any CPU
		{3D3CF691-CF8E-4AFF-84BD-B8C18CD887F9}.Debug|Mixed Platforms.ActiveCfg = Debug|Any CPU
		{3D3CF691-CF8E-4AFF-84BD-B8C18CD887F9}.Debug|Mixed Platforms.Build.0 = Debug|Any CPU
		{3D3CF691-CF8E-4AFF-84BD-B8C18CD887F9}.Debug|x86.ActiveCfg = Debug|Any CPU
		{3D3CF691-CF8E-4AFF-84BD-B8C18CD887F9}.Release|Any CPU.ActiveCfg = Release|Any CPU
		{3D3CF691-CF8E-4AFF-84BD-B8C18CD887F9}.Release|Any CPU.Build.0 = Release|Any CPU
		{3D3CF691-CF8E-4AFF-84BD-B8C18CD887F9}.Release|Mixed Platforms.ActiveCfg = Release|Any CPU
		{3D3CF691-CF8E-4AFF-84BD-B8C18CD887F9}.Release|Mixed Platforms.Build.0 = Release|Any CPU
		{3D3CF691-CF8E-4AFF-84BD-B8C18CD887F9}.Release|x86.ActiveCfg = Release|Any CPU
		{FD597C41-E62C-4C5F-AA64-E29174F7565B}.Debug|Any CPU.ActiveCfg = Debug|Any CPU
		{FD597C41-E62C-4C5F-AA64-E29174F7565B}.Debug|Any CPU.Build.0 = Debug|Any CPU
		{FD597C41-E62C-4C5F-AA64-E29174F7565B}.Debug|Mixed Platforms.ActiveCfg = Debug|Any CPU
		{FD597C41-E62C-4C5F-AA64-E29174F7565B}.Debug|Mixed Platforms.Build.0 = Debug|Any CPU
		{FD597C41-E62C-4C5F-AA64-E29174F7565B}.Debug|x86.ActiveCfg = Debug|Any CPU
		{FD597C41-E62C-4C5F-AA64-E29174F7565B}.Release|Any CPU.ActiveCfg = Release|Any CPU
		{FD597C41-E62C-4C5F-AA64-E29174F7565B}.Release|Any CPU.Build.0 = Release|Any CPU
		{FD597C41-E62C-4C5F-AA64-E29174F7565B}.Release|Mixed Platforms.ActiveCfg = Release|Any CPU
		{FD597C41-E62C-4C5F-AA64-E29174F7565B}.Release|Mixed Platforms.Build.0 = Release|Any CPU
		{FD597C41-E62C-4C5F-AA64-E29174F7565B}.Release|x86.ActiveCfg = Release|Any CPU
		{B5F6320D-2DAB-4D8E-B124-92D77D9BF4BA}.Debug|Any CPU.ActiveCfg = Debug|Any CPU
		{B5F6320D-2DAB-4D8E-B124-92D77D9BF4BA}.Debug|Any CPU.Build.0 = Debug|Any CPU
		{B5F6320D-2DAB-4D8E-B124-92D77D9BF4BA}.Debug|Mixed Platforms.ActiveCfg = Debug|Any CPU
		{B5F6320D-2DAB-4D8E-B124-92D77D9BF4BA}.Debug|Mixed Platforms.Build.0 = Debug|Any CPU
		{B5F6320D-2DAB-4D8E-B124-92D77D9BF4BA}.Debug|x86.ActiveCfg = Debug|Any CPU
		{B5F6320D-2DAB-4D8E-B124-92D77D9BF4BA}.Release|Any CPU.ActiveCfg = Release|Any CPU
		{B5F6320D-2DAB-4D8E-B124-92D77D9BF4BA}.Release|Any CPU.Build.0 = Release|Any CPU
		{B5F6320D-2DAB-4D8E-B124-92D77D9BF4BA}.Release|Mixed Platforms.ActiveCfg = Release|Any CPU
		{B5F6320D-2DAB-4D8E-B124-92D77D9BF4BA}.Release|Mixed Platforms.Build.0 = Release|Any CPU
		{B5F6320D-2DAB-4D8E-B124-92D77D9BF4BA}.Release|x86.ActiveCfg = Release|Any CPU
		{F5BD6141-325C-40D3-A61D-6E7C162477B0}.Debug|Any CPU.ActiveCfg = Debug|x86
		{F5BD6141-325C-40D3-A61D-6E7C162477B0}.Debug|Mixed Platforms.ActiveCfg = Debug|x86
		{F5BD6141-325C-40D3-A61D-6E7C162477B0}.Debug|Mixed Platforms.Build.0 = Debug|x86
		{F5BD6141-325C-40D3-A61D-6E7C162477B0}.Debug|x86.ActiveCfg = Debug|x86
		{F5BD6141-325C-40D3-A61D-6E7C162477B0}.Debug|x86.Build.0 = Debug|x86
		{F5BD6141-325C-40D3-A61D-6E7C162477B0}.Release|Any CPU.ActiveCfg = Release|x86
		{F5BD6141-325C-40D3-A61D-6E7C162477B0}.Release|Mixed Platforms.ActiveCfg = Release|x86
		{F5BD6141-325C-40D3-A61D-6E7C162477B0}.Release|Mixed Platforms.Build.0 = Release|x86
		{F5BD6141-325C-40D3-A61D-6E7C162477B0}.Release|x86.ActiveCfg = Release|x86
		{F5BD6141-325C-40D3-A61D-6E7C162477B0}.Release|x86.Build.0 = Release|x86
		{88218C4F-FBE6-4F39-B13E-9AE66BB881EC}.Debug|Any CPU.ActiveCfg = Debug|Any CPU
		{88218C4F-FBE6-4F39-B13E-9AE66BB881EC}.Debug|Any CPU.Build.0 = Debug|Any CPU
		{88218C4F-FBE6-4F39-B13E-9AE66BB881EC}.Debug|Mixed Platforms.ActiveCfg = Debug|Any CPU
		{88218C4F-FBE6-4F39-B13E-9AE66BB881EC}.Debug|Mixed Platforms.Build.0 = Debug|Any CPU
		{88218C4F-FBE6-4F39-B13E-9AE66BB881EC}.Debug|x86.ActiveCfg = Debug|Any CPU
		{88218C4F-FBE6-4F39-B13E-9AE66BB881EC}.Release|Any CPU.ActiveCfg = Release|Any CPU
		{88218C4F-FBE6-4F39-B13E-9AE66BB881EC}.Release|Any CPU.Build.0 = Release|Any CPU
		{88218C4F-FBE6-4F39-B13E-9AE66BB881EC}.Release|Mixed Platforms.ActiveCfg = Release|Any CPU
		{88218C4F-FBE6-4F39-B13E-9AE66BB881EC}.Release|Mixed Platforms.Build.0 = Release|Any CPU
		{88218C4F-FBE6-4F39-B13E-9AE66BB881EC}.Release|x86.ActiveCfg = Release|Any CPU
		{D344EDF4-873E-4C22-92DA-C7992D58B83E}.Debug|Any CPU.ActiveCfg = Debug|Any CPU
		{D344EDF4-873E-4C22-92DA-C7992D58B83E}.Debug|Any CPU.Build.0 = Debug|Any CPU
		{D344EDF4-873E-4C22-92DA-C7992D58B83E}.Debug|Mixed Platforms.ActiveCfg = Debug|Any CPU
		{D344EDF4-873E-4C22-92DA-C7992D58B83E}.Debug|Mixed Platforms.Build.0 = Debug|Any CPU
		{D344EDF4-873E-4C22-92DA-C7992D58B83E}.Debug|x86.ActiveCfg = Debug|Any CPU
		{D344EDF4-873E-4C22-92DA-C7992D58B83E}.Release|Any CPU.ActiveCfg = Release|Any CPU
		{D344EDF4-873E-4C22-92DA-C7992D58B83E}.Release|Any CPU.Build.0 = Release|Any CPU
		{D344EDF4-873E-4C22-92DA-C7992D58B83E}.Release|Mixed Platforms.ActiveCfg = Release|Any CPU
		{D344EDF4-873E-4C22-92DA-C7992D58B83E}.Release|Mixed Platforms.Build.0 = Release|Any CPU
		{D344EDF4-873E-4C22-92DA-C7992D58B83E}.Release|x86.ActiveCfg = Release|Any CPU
		{2A5925E6-05CA-4FD9-A236-7217BBD4FB34}.Debug|Any CPU.ActiveCfg = Debug|x86
		{2A5925E6-05CA-4FD9-A236-7217BBD4FB34}.Debug|Mixed Platforms.ActiveCfg = Debug|x86
		{2A5925E6-05CA-4FD9-A236-7217BBD4FB34}.Debug|Mixed Platforms.Build.0 = Debug|x86
		{2A5925E6-05CA-4FD9-A236-7217BBD4FB34}.Debug|x86.ActiveCfg = Debug|x86
		{2A5925E6-05CA-4FD9-A236-7217BBD4FB34}.Debug|x86.Build.0 = Debug|x86
		{2A5925E6-05CA-4FD9-A236-7217BBD4FB34}.Release|Any CPU.ActiveCfg = Release|x86
		{2A5925E6-05CA-4FD9-A236-7217BBD4FB34}.Release|Mixed Platforms.ActiveCfg = Release|x86
		{2A5925E6-05CA-4FD9-A236-7217BBD4FB34}.Release|Mixed Platforms.Build.0 = Release|x86
		{2A5925E6-05CA-4FD9-A236-7217BBD4FB34}.Release|x86.ActiveCfg = Release|x86
		{2A5925E6-05CA-4FD9-A236-7217BBD4FB34}.Release|x86.Build.0 = Release|x86
		{A9127708-CB7E-47E8-9762-D7DE0C71BC51}.Debug|Any CPU.ActiveCfg = Debug|x86
		{A9127708-CB7E-47E8-9762-D7DE0C71BC51}.Debug|Mixed Platforms.ActiveCfg = Debug|x86
		{A9127708-CB7E-47E8-9762-D7DE0C71BC51}.Debug|Mixed Platforms.Build.0 = Debug|x86
		{A9127708-CB7E-47E8-9762-D7DE0C71BC51}.Debug|x86.ActiveCfg = Debug|x86
		{A9127708-CB7E-47E8-9762-D7DE0C71BC51}.Debug|x86.Build.0 = Debug|x86
		{A9127708-CB7E-47E8-9762-D7DE0C71BC51}.Release|Any CPU.ActiveCfg = Release|x86
		{A9127708-CB7E-47E8-9762-D7DE0C71BC51}.Release|Mixed Platforms.ActiveCfg = Release|x86
		{A9127708-CB7E-47E8-9762-D7DE0C71BC51}.Release|Mixed Platforms.Build.0 = Release|x86
		{A9127708-CB7E-47E8-9762-D7DE0C71BC51}.Release|x86.ActiveCfg = Release|x86
		{A9127708-CB7E-47E8-9762-D7DE0C71BC51}.Release|x86.Build.0 = Release|x86
		{8DAA4896-ECC0-418C-B201-53583893E619}.Debug|Any CPU.ActiveCfg = Debug|Any CPU
		{8DAA4896-ECC0-418C-B201-53583893E619}.Debug|Any CPU.Build.0 = Debug|Any CPU
		{8DAA4896-ECC0-418C-B201-53583893E619}.Debug|Mixed Platforms.ActiveCfg = Debug|Any CPU
		{8DAA4896-ECC0-418C-B201-53583893E619}.Debug|Mixed Platforms.Build.0 = Debug|Any CPU
		{8DAA4896-ECC0-418C-B201-53583893E619}.Debug|x86.ActiveCfg = Debug|Any CPU
		{8DAA4896-ECC0-418C-B201-53583893E619}.Release|Any CPU.ActiveCfg = Release|Any CPU
		{8DAA4896-ECC0-418C-B201-53583893E619}.Release|Any CPU.Build.0 = Release|Any CPU
		{8DAA4896-ECC0-418C-B201-53583893E619}.Release|Mixed Platforms.ActiveCfg = Release|Any CPU
		{8DAA4896-ECC0-418C-B201-53583893E619}.Release|Mixed Platforms.Build.0 = Release|Any CPU
		{8DAA4896-ECC0-418C-B201-53583893E619}.Release|x86.ActiveCfg = Release|Any CPU
		{B0F9DE0D-D6FA-4F1B-AD82-ECAD3D683936}.Debug|Any CPU.ActiveCfg = Debug|x86
		{B0F9DE0D-D6FA-4F1B-AD82-ECAD3D683936}.Debug|Mixed Platforms.ActiveCfg = Debug|x86
		{B0F9DE0D-D6FA-4F1B-AD82-ECAD3D683936}.Debug|Mixed Platforms.Build.0 = Debug|x86
		{B0F9DE0D-D6FA-4F1B-AD82-ECAD3D683936}.Debug|x86.ActiveCfg = Debug|x86
		{B0F9DE0D-D6FA-4F1B-AD82-ECAD3D683936}.Debug|x86.Build.0 = Debug|x86
		{B0F9DE0D-D6FA-4F1B-AD82-ECAD3D683936}.Release|Any CPU.ActiveCfg = Release|x86
		{B0F9DE0D-D6FA-4F1B-AD82-ECAD3D683936}.Release|Mixed Platforms.ActiveCfg = Release|x86
		{B0F9DE0D-D6FA-4F1B-AD82-ECAD3D683936}.Release|Mixed Platforms.Build.0 = Release|x86
		{B0F9DE0D-D6FA-4F1B-AD82-ECAD3D683936}.Release|x86.ActiveCfg = Release|x86
		{B0F9DE0D-D6FA-4F1B-AD82-ECAD3D683936}.Release|x86.Build.0 = Release|x86
	EndGlobalSection
	GlobalSection(SolutionProperties) = preSolution
		HideSolutionNode = FALSE
	EndGlobalSection
	GlobalSection(NestedProjects) = preSolution
		{5AEFA6BC-C206-486A-B9BA-F384855CE2F7} = {285D59AC-547D-4B99-A625-3274B6C0FA28}
		{B5F6320D-2DAB-4D8E-B124-92D77D9BF4BA} = {568FD497-9E50-432D-9664-59F7A968B48B}
		{F5BD6141-325C-40D3-A61D-6E7C162477B0} = {568FD497-9E50-432D-9664-59F7A968B48B}
		{2A5925E6-05CA-4FD9-A236-7217BBD4FB34} = {568FD497-9E50-432D-9664-59F7A968B48B}
		{A9127708-CB7E-47E8-9762-D7DE0C71BC51} = {568FD497-9E50-432D-9664-59F7A968B48B}
		{B0F9DE0D-D6FA-4F1B-AD82-ECAD3D683936} = {568FD497-9E50-432D-9664-59F7A968B48B}
		{387894B5-094E-47E0-833F-0F15248E14A5} = {AC294D43-4EAA-491C-8CDE-3920D05018AF}
		{FD597C41-E62C-4C5F-AA64-E29174F7565B} = {2C78713A-A8F7-429E-8F72-1401016658EE}
		{D344EDF4-873E-4C22-92DA-C7992D58B83E} = {2C78713A-A8F7-429E-8F72-1401016658EE}
		{8DAA4896-ECC0-418C-B201-53583893E619} = {2C78713A-A8F7-429E-8F72-1401016658EE}
		{437A3E96-72E1-47C5-BBB1-9E5FC3BE7BC6} = {78E41702-5E34-4668-8E87-867263DF3E21}
		{3D3CF691-CF8E-4AFF-84BD-B8C18CD887F9} = {8E368CE2-253A-49D2-8F4B-9C0C2FEB7218}
		{8B1064EA-EB21-4421-A791-AAEA2B47470D} = {4D9B99BF-4098-416E-8490-6727C9D7357C}
		{B72F0F0D-48A7-4750-BF6B-D6996A04B2E1} = {EA5C2AE2-DF85-4493-B2A1-5DD4AA075440}
		{BEB620C8-0F06-4853-A137-B36C66EC67E7} = {810D655A-3138-4C1B-AA16-CCE3401A34E3}
		{A41600F6-98E0-4A39-AC59-BE47ACA42BEB} = {923E1A17-54D2-4709-B555-3B673EEFEF16}
		{46FE4BAA-C26B-4471-ABE4-43232F78C4C4} = {923E1A17-54D2-4709-B555-3B673EEFEF16}
		{CB93D68C-9154-4550-8A64-A4D841EAC04F} = {923E1A17-54D2-4709-B555-3B673EEFEF16}
		{94F7EE71-D4D0-494B-92CB-296FA594940D} = {996ED33E-EE86-4BAA-BC35-C1173E131ED2}
		{88218C4F-FBE6-4F39-B13E-9AE66BB881EC} = {119514A1-FB13-447B-8466-910143B6282D}
	EndGlobalSection
EndGlobal
